Microsoft Visual Studio Solution File, Format Version 12.00
# Visual Studio Version 17
VisualStudioVersion = 17.10.34928.147
MinimumVisualStudioVersion = 10.0.40219.1
Project("{FAE04EC0-301F-11D3-BF4B-00C04F79EFBC}") = "webapp.AppHost", "webapp.AppHost\webapp.AppHost.csproj", "{27E0B465-CFB4-4BC6-8F4F-8E70ABC36022}"
EndProject
Project("{9A19103F-16F7-4668-BE54-9A1E7A4F7556}") = "webapp.ServiceDefaults", "webapp.ServiceDefaults\webapp.ServiceDefaults.csproj", "{D8806767-86AF-4376-97A3-3003737B14C4}"
EndProject
Project("{9A19103F-16F7-4668-BE54-9A1E7A4F7556}") = "webapp.ApiService", "webapp.ApiService\webapp.ApiService.csproj", "{E5914698-0037-4E7A-BA89-975D07CCF198}"
EndProject
Project("{9A19103F-16F7-4668-BE54-9A1E7A4F7556}") = "webapp.Web", "webapp.Web\webapp.Web.csproj", "{7330017A-5177-4CB3-B280-B7CB5FE54665}"
EndProject
Global
	GlobalSection(SolutionConfigurationPlatforms) = preSolution
		Debug|Any CPU = Debug|Any CPU
		Release|Any CPU = Release|Any CPU
	EndGlobalSection
	GlobalSection(ProjectConfigurationPlatforms) = postSolution
		{27E0B465-CFB4-4BC6-8F4F-8E70ABC36022}.Debug|Any CPU.ActiveCfg = Debug|Any CPU
		{27E0B465-CFB4-4BC6-8F4F-8E70ABC36022}.Debug|Any CPU.Build.0 = Debug|Any CPU
		{27E0B465-CFB4-4BC6-8F4F-8E70ABC36022}.Release|Any CPU.ActiveCfg = Release|Any CPU
		{27E0B465-CFB4-4BC6-8F4F-8E70ABC36022}.Release|Any CPU.Build.0 = Release|Any CPU
		{D8806767-86AF-4376-97A3-3003737B14C4}.Debug|Any CPU.ActiveCfg = Debug|Any CPU
		{D8806767-86AF-4376-97A3-3003737B14C4}.Debug|Any CPU.Build.0 = Debug|Any CPU
		{D8806767-86AF-4376-97A3-3003737B14C4}.Release|Any CPU.ActiveCfg = Release|Any CPU
		{D8806767-86AF-4376-97A3-3003737B14C4}.Release|Any CPU.Build.0 = Release|Any CPU
		{E5914698-0037-4E7A-BA89-975D07CCF198}.Debug|Any CPU.ActiveCfg = Debug|Any CPU
		{E5914698-0037-4E7A-BA89-975D07CCF198}.Debug|Any CPU.Build.0 = Debug|Any CPU
		{E5914698-0037-4E7A-BA89-975D07CCF198}.Release|Any CPU.ActiveCfg = Release|Any CPU
		{E5914698-0037-4E7A-BA89-975D07CCF198}.Release|Any CPU.Build.0 = Release|Any CPU
		{7330017A-5177-4CB3-B280-B7CB5FE54665}.Debug|Any CPU.ActiveCfg = Debug|Any CPU
		{7330017A-5177-4CB3-B280-B7CB5FE54665}.Debug|Any CPU.Build.0 = Debug|Any CPU
		{7330017A-5177-4CB3-B280-B7CB5FE54665}.Release|Any CPU.ActiveCfg = Release|Any CPU
		{7330017A-5177-4CB3-B280-B7CB5FE54665}.Release|Any CPU.Build.0 = Release|Any CPU
	EndGlobalSection
	GlobalSection(SolutionProperties) = preSolution
		HideSolutionNode = FALSE
	EndGlobalSection
	GlobalSection(ExtensibilityGlobals) = postSolution
		SolutionGuid = {90C310EB-3A5D-4C9D-BBEF-3A772E5E6731}
	EndGlobalSection
EndGlobal
